
Microsoft Visual Studio Solution File, Format Version 11.00
# Visual Studio 2010
Project("{FAE04EC0-301F-11D3-BF4B-00C04F79EFBC}") = "DAL", "DAL\DAL.csproj", "{F393D128-E536-43FF-AAD3-835846650345}"
EndProject
Project("{FAE04EC0-301F-11D3-BF4B-00C04F79EFBC}") = "BAL", "BAL\BAL.csproj", "{1F8F43D7-F5B9-4419-8942-41D08154C3C0}"
EndProject
Project("{E24C65DC-7377-472B-9ABA-BC803B73C61A}") = "ODM_Web", "ODM_Web\", "{9008E23E-4E61-4872-8771-7F38AF6C4493}"
	ProjectSection(WebsiteProperties) = preProject
		TargetFrameworkMoniker = ".NETFramework,Version%3Dv4.0"
		ProjectReferences = "{1F8F43D7-F5B9-4419-8942-41D08154C3C0}|BAL.dll;{F393D128-E536-43FF-AAD3-835846650345}|DAL.dll;"
		Debug.AspNetCompiler.VirtualPath = "/ODM_Web"
		Debug.AspNetCompiler.PhysicalPath = "ODM_Web\"
		Debug.AspNetCompiler.TargetPath = "PrecompiledWeb\ODM_Web\"
		Debug.AspNetCompiler.Updateable = "true"
		Debug.AspNetCompiler.ForceOverwrite = "true"
		Debug.AspNetCompiler.FixedNames = "false"
		Debug.AspNetCompiler.Debug = "True"
		Release.AspNetCompiler.VirtualPath = "/ODM_Web"
		Release.AspNetCompiler.PhysicalPath = "ODM_Web\"
		Release.AspNetCompiler.TargetPath = "PrecompiledWeb\ODM_Web\"
		Release.AspNetCompiler.Updateable = "true"
		Release.AspNetCompiler.ForceOverwrite = "true"
		Release.AspNetCompiler.FixedNames = "false"
		Release.AspNetCompiler.Debug = "False"
		VWDPort = "21184"
		DefaultWebSiteLanguage = "Visual C#"
	EndProjectSection
EndProject
Project("{2150E333-8FDC-42A3-9474-1A3956D46DE8}") = "Solution Items", "Solution Items", "{C105D8D5-AECA-48F6-A51F-2E8518F35440}"
EndProject
Global
	GlobalSection(SolutionConfigurationPlatforms) = preSolution
		Debug|Any CPU = Debug|Any CPU
		Release|Any CPU = Release|Any CPU
	EndGlobalSection
	GlobalSection(ProjectConfigurationPlatforms) = postSolution
		{F393D128-E536-43FF-AAD3-835846650345}.Debug|Any CPU.ActiveCfg = Debug|Any CPU
		{F393D128-E536-43FF-AAD3-835846650345}.Debug|Any CPU.Build.0 = Debug|Any CPU
		{F393D128-E536-43FF-AAD3-835846650345}.Release|Any CPU.ActiveCfg = Release|Any CPU
		{F393D128-E536-43FF-AAD3-835846650345}.Release|Any CPU.Build.0 = Release|Any CPU
		{1F8F43D7-F5B9-4419-8942-41D08154C3C0}.Debug|Any CPU.ActiveCfg = Debug|Any CPU
		{1F8F43D7-F5B9-4419-8942-41D08154C3C0}.Debug|Any CPU.Build.0 = Debug|Any CPU
		{1F8F43D7-F5B9-4419-8942-41D08154C3C0}.Release|Any CPU.ActiveCfg = Release|Any CPU
		{1F8F43D7-F5B9-4419-8942-41D08154C3C0}.Release|Any CPU.Build.0 = Release|Any CPU
		{9008E23E-4E61-4872-8771-7F38AF6C4493}.Debug|Any CPU.ActiveCfg = Debug|Any CPU
		{9008E23E-4E61-4872-8771-7F38AF6C4493}.Debug|Any CPU.Build.0 = Debug|Any CPU
		{9008E23E-4E61-4872-8771-7F38AF6C4493}.Release|Any CPU.ActiveCfg = Debug|Any CPU
		{9008E23E-4E61-4872-8771-7F38AF6C4493}.Release|Any CPU.Build.0 = Debug|Any CPU
	EndGlobalSection
	GlobalSection(SolutionProperties) = preSolution
		HideSolutionNode = FALSE
	EndGlobalSection
EndGlobal
